
Microsoft Visual Studio Solution File, Format Version 12.00
# Visual Studio 15
VisualStudioVersion = 15.0.27130.2027
MinimumVisualStudioVersion = 10.0.40219.1
Project("{FAE04EC0-301F-11D3-BF4B-00C04F79EFBC}") = "WebApiTestTools", "FileUpload\WebApiTestTools.csproj", "{541EEA7A-483F-4F52-8130-3A56D156986C}"
EndProject
Project("{FAE04EC0-301F-11D3-BF4B-00C04F79EFBC}") = "CommonLib", "CommonLib\CommonLib.csproj", "{1FE60A97-FC2A-43DF-A824-6ED02C01F2DE}"
EndProject
Project("{FAE04EC0-301F-11D3-BF4B-00C04F79EFBC}") = "CommonLibTest", "CommonLibTest\CommonLibTest.csproj", "{3EEECE63-79A3-490B-A999-2FD37EE753D2}"
EndProject
Global
	GlobalSection(SolutionConfigurationPlatforms) = preSolution
		Debug|Any CPU = Debug|Any CPU
		Release|Any CPU = Release|Any CPU
	EndGlobalSection
	GlobalSection(ProjectConfigurationPlatforms) = postSolution
		{541EEA7A-483F-4F52-8130-3A56D156986C}.Debug|Any CPU.ActiveCfg = Debug|Any CPU
		{541EEA7A-483F-4F52-8130-3A56D156986C}.Debug|Any CPU.Build.0 = Debug|Any CPU
		{541EEA7A-483F-4F52-8130-3A56D156986C}.Release|Any CPU.ActiveCfg = Release|Any CPU
		{541EEA7A-483F-4F52-8130-3A56D156986C}.Release|Any CPU.Build.0 = Release|Any CPU
		{1FE60A97-FC2A-43DF-A824-6ED02C01F2DE}.Debug|Any CPU.ActiveCfg = Debug|Any CPU
		{1FE60A97-FC2A-43DF-A824-6ED02C01F2DE}.Debug|Any CPU.Build.0 = Debug|Any CPU
		{1FE60A97-FC2A-43DF-A824-6ED02C01F2DE}.Release|Any CPU.ActiveCfg = Release|Any CPU
		{1FE60A97-FC2A-43DF-A824-6ED02C01F2DE}.Release|Any CPU.Build.0 = Release|Any CPU
		{3EEECE63-79A3-490B-A999-2FD37EE753D2}.Debug|Any CPU.ActiveCfg = Debug|Any CPU
		{3EEECE63-79A3-490B-A999-2FD37EE753D2}.Debug|Any CPU.Build.0 = Debug|Any CPU
		{3EEECE63-79A3-490B-A999-2FD37EE753D2}.Release|Any CPU.ActiveCfg = Release|Any CPU
		{3EEECE63-79A3-490B-A999-2FD37EE753D2}.Release|Any CPU.Build.0 = Release|Any CPU
	EndGlobalSection
	GlobalSection(SolutionProperties) = preSolution
		HideSolutionNode = FALSE
	EndGlobalSection
	GlobalSection(ExtensibilityGlobals) = postSolution
		SolutionGuid = {56F6224D-D65C-48BF-9931-85BE94E99893}
	EndGlobalSection
EndGlobal
